
Microsoft Visual Studio Solution File, Format Version 11.00
# Visual Studio 2010
Project("{FAE04EC0-301F-11D3-BF4B-00C04F79EFBC}") = "School", "School\School.csproj", "{F1FC9FAA-A4FF-483C-9711-D2BA60228417}"
EndProject
Project("{FAE04EC0-301F-11D3-BF4B-00C04F79EFBC}") = "TestSchool", "TestSchool\TestSchool.csproj", "{4714EBF1-D3FD-4DAE-9936-39BE22027D62}"
EndProject
Project("{2150E333-8FDC-42A3-9474-1A3956D46DE8}") = "Solution Items", "Solution Items", "{F17B6124-6E89-4059-BB53-65F5A4EF6691}"
	ProjectSection(SolutionItems) = preProject
		Local.testsettings = Local.testsettings
		School.vsmdi = School.vsmdi
		TraceAndTestImpact.testsettings = TraceAndTestImpact.testsettings
	EndProjectSection
EndProject
Global
	GlobalSection(TestCaseManagementSettings) = postSolution
		CategoryFile = School.vsmdi
	EndGlobalSection
	GlobalSection(SolutionConfigurationPlatforms) = preSolution
		Debug|Any CPU = Debug|Any CPU
		Debug|Mixed Platforms = Debug|Mixed Platforms
		Debug|x86 = Debug|x86
		Release|Any CPU = Release|Any CPU
		Release|Mixed Platforms = Release|Mixed Platforms
		Release|x86 = Release|x86
	EndGlobalSection
	GlobalSection(ProjectConfigurationPlatforms) = postSolution
		{F1FC9FAA-A4FF-483C-9711-D2BA60228417}.Debug|Any CPU.ActiveCfg = Debug|x86
		{F1FC9FAA-A4FF-483C-9711-D2BA60228417}.Debug|Mixed Platforms.ActiveCfg = Debug|x86
		{F1FC9FAA-A4FF-483C-9711-D2BA60228417}.Debug|Mixed Platforms.Build.0 = Debug|x86
		{F1FC9FAA-A4FF-483C-9711-D2BA60228417}.Debug|x86.ActiveCfg = Debug|x86
		{F1FC9FAA-A4FF-483C-9711-D2BA60228417}.Debug|x86.Build.0 = Debug|x86
		{F1FC9FAA-A4FF-483C-9711-D2BA60228417}.Release|Any CPU.ActiveCfg = Release|x86
		{F1FC9FAA-A4FF-483C-9711-D2BA60228417}.Release|Mixed Platforms.ActiveCfg = Release|x86
		{F1FC9FAA-A4FF-483C-9711-D2BA60228417}.Release|Mixed Platforms.Build.0 = Release|x86
		{F1FC9FAA-A4FF-483C-9711-D2BA60228417}.Release|x86.ActiveCfg = Release|x86
		{F1FC9FAA-A4FF-483C-9711-D2BA60228417}.Release|x86.Build.0 = Release|x86
		{4714EBF1-D3FD-4DAE-9936-39BE22027D62}.Debug|Any CPU.ActiveCfg = Debug|Any CPU
		{4714EBF1-D3FD-4DAE-9936-39BE22027D62}.Debug|Any CPU.Build.0 = Debug|Any CPU
		{4714EBF1-D3FD-4DAE-9936-39BE22027D62}.Debug|Mixed Platforms.ActiveCfg = Debug|Any CPU
		{4714EBF1-D3FD-4DAE-9936-39BE22027D62}.Debug|Mixed Platforms.Build.0 = Debug|Any CPU
		{4714EBF1-D3FD-4DAE-9936-39BE22027D62}.Debug|x86.ActiveCfg = Debug|Any CPU
		{4714EBF1-D3FD-4DAE-9936-39BE22027D62}.Release|Any CPU.ActiveCfg = Release|Any CPU
		{4714EBF1-D3FD-4DAE-9936-39BE22027D62}.Release|Any CPU.Build.0 = Release|Any CPU
		{4714EBF1-D3FD-4DAE-9936-39BE22027D62}.Release|Mixed Platforms.ActiveCfg = Release|Any CPU
		{4714EBF1-D3FD-4DAE-9936-39BE22027D62}.Release|Mixed Platforms.Build.0 = Release|Any CPU
		{4714EBF1-D3FD-4DAE-9936-39BE22027D62}.Release|x86.ActiveCfg = Release|Any CPU
	EndGlobalSection
	GlobalSection(SolutionProperties) = preSolution
		HideSolutionNode = FALSE
	EndGlobalSection
EndGlobal
